
Microsoft Visual Studio Solution File, Format Version 12.00
# Visual Studio Version 16
VisualStudioVersion = 16.0.30011.22
MinimumVisualStudioVersion = 10.0.40219.1
Project("{9A19103F-16F7-4668-BE54-9A1E7A4F7556}") = "ProyectoFinal.API", "ProyectoFinal.API\ProyectoFinal.API.csproj", "{64E97567-479F-46ED-B096-737E11A38AF0}"
EndProject
Project("{2150E333-8FDC-42A3-9474-1A3956D46DE8}") = "Service", "Service", "{97F971DA-3D3F-42A4-A08A-2B7B4A62DB70}"
EndProject
Project("{2150E333-8FDC-42A3-9474-1A3956D46DE8}") = "02 - Modelos", "02 - Modelos", "{1C4155F6-FE9F-49BD-81EF-93466668B771}"
EndProject
Project("{2150E333-8FDC-42A3-9474-1A3956D46DE8}") = "Domain", "Domain", "{7CC28C21-42A6-4580-9AF4-72904089D1A6}"
EndProject
Project("{9A19103F-16F7-4668-BE54-9A1E7A4F7556}") = "ProyectoFinal.DTO", "ProyectoFinal.DTOs\ProyectoFinal.DTO.csproj", "{DB0B2EBF-B4E5-4AED-AE85-0097E63BF901}"
EndProject
Project("{2150E333-8FDC-42A3-9474-1A3956D46DE8}") = "04 - Servicios", "04 - Servicios", "{279CF7DA-A2AC-4DAB-A3C3-71DA9256B58F}"
EndProject
Project("{9A19103F-16F7-4668-BE54-9A1E7A4F7556}") = "ProyectoFinal.IServicios", "IServicios\ProyectoFinal.IServicios.csproj", "{BA474691-4B63-4E51-8C9D-64B16FC256D8}"
EndProject
Project("{9A19103F-16F7-4668-BE54-9A1E7A4F7556}") = "ProyectoFinal.Servicios", "Servicios\ProyectoFinal.Servicios.csproj", "{57D5A889-0481-4DDE-B7EC-058ABC2A7995}"
EndProject
Project("{9A19103F-16F7-4668-BE54-9A1E7A4F7556}") = "ProyectoFinal.Domain.Core", "ProyectoFinal.Domain.Core\ProyectoFinal.Domain.Core.csproj", "{B675C181-92B9-4414-AB45-F66917E4CAA5}"
EndProject
Project("{9A19103F-16F7-4668-BE54-9A1E7A4F7556}") = "ProyectoFinal.Domain.Entity", "ProyectoFinal.Domain.Entity\ProyectoFinal.Domain.Entity.csproj", "{5DE62529-9CAC-41A8-AF01-2445F25670D0}"
EndProject
Project("{9A19103F-16F7-4668-BE54-9A1E7A4F7556}") = "ProyectoFinal.Domain.Interface", "ProyectoFinal.Domain.Interface\ProyectoFinal.Domain.Interface.csproj", "{D8F59B2E-BF6C-4ADB-A78B-DEA9963E2F73}"
EndProject
Project("{2150E333-8FDC-42A3-9474-1A3956D46DE8}") = "Infrastructure", "Infrastructure", "{4240281D-7A88-40E0-84C3-006D3F561F4C}"
EndProject
Project("{9A19103F-16F7-4668-BE54-9A1E7A4F7556}") = "ProyectoFinal.Infrastructure.Data", "ProyectoFinal.Infrastructure.Data\ProyectoFinal.Infrastructure.Data.csproj", "{D7857311-D4A9-4BCB-B0F9-04CC2FE665E3}"
EndProject
Project("{9A19103F-16F7-4668-BE54-9A1E7A4F7556}") = "ProyectoFinal.Infrastructure.Interface", "ProyectoFinal.Infrastructure.Interface\ProyectoFinal.Infrastructure.Interface.csproj", "{17A0AED1-2A6B-479D-9E91-4DDEC6B1D573}"
EndProject
Project("{9A19103F-16F7-4668-BE54-9A1E7A4F7556}") = "ProyectoFinal.Infrastructure.Repository", "ProyectoFinal.Infrastructure.Repository\ProyectoFinal.Infrastructure.Repository.csproj", "{EA39A164-C8B9-422B-AA21-0442E27412F6}"
EndProject
Project("{2150E333-8FDC-42A3-9474-1A3956D46DE8}") = "Application", "Application", "{6A6C2FC0-BEA0-47DB-8756-3F2AFAFF8B8B}"
EndProject
Project("{9A19103F-16F7-4668-BE54-9A1E7A4F7556}") = "ProyectoFinal.Application.DTO", "ProyectoFinal.Application.DTO\ProyectoFinal.Application.DTO.csproj", "{89ED716A-45A5-42B3-A212-415FA7A18361}"
EndProject
Project("{9A19103F-16F7-4668-BE54-9A1E7A4F7556}") = "ProyectoFinal.Application.Interface", "ProyectoFinal.Application.Interface\ProyectoFinal.Application.Interface.csproj", "{C102B4EF-1DDF-4EAF-9B1B-D8E51C65D246}"
EndProject
Project("{2150E333-8FDC-42A3-9474-1A3956D46DE8}") = "Transversal", "Transversal", "{8C2C220E-A078-454D-823A-A784D7E2171E}"
EndProject
Project("{9A19103F-16F7-4668-BE54-9A1E7A4F7556}") = "ProyectoFinal.Transversal.Common", "ProyectoFinal.Transversal.Common\ProyectoFinal.Transversal.Common.csproj", "{D7DB4BB3-7187-434E-8AE3-C796E82FBD50}"
EndProject
Project("{9A19103F-16F7-4668-BE54-9A1E7A4F7556}") = "ProyectoFinal.Application.Main", "ProyectoFinal.Application.Main\ProyectoFinal.Application.Main.csproj", "{58D0A17E-1F82-4FE8-9D5D-AAF8810E4C99}"
EndProject
Project("{9A19103F-16F7-4668-BE54-9A1E7A4F7556}") = "ProyectoFinal.Transversal.Mapper", "ProyectoFinal.Transversal.Mapper\ProyectoFinal.Transversal.Mapper.csproj", "{1F2C2A3A-AB03-4CB9-9E89-8BDF84D0B96B}"
EndProject
Project("{9A19103F-16F7-4668-BE54-9A1E7A4F7556}") = "ProyectoFinal.Service.WebApi", "ProyectoFinal.Service.WebApi\ProyectoFinal.Service.WebApi.csproj", "{0A73CE2E-D207-4378-8B29-18EC7BC612DF}"
EndProject
Global
	GlobalSection(SolutionConfigurationPlatforms) = preSolution
		Debug|Any CPU = Debug|Any CPU
		Release|Any CPU = Release|Any CPU
	EndGlobalSection
	GlobalSection(ProjectConfigurationPlatforms) = postSolution
		{64E97567-479F-46ED-B096-737E11A38AF0}.Debug|Any CPU.ActiveCfg = Debug|Any CPU
		{64E97567-479F-46ED-B096-737E11A38AF0}.Debug|Any CPU.Build.0 = Debug|Any CPU
		{64E97567-479F-46ED-B096-737E11A38AF0}.Release|Any CPU.ActiveCfg = Release|Any CPU
		{64E97567-479F-46ED-B096-737E11A38AF0}.Release|Any CPU.Build.0 = Release|Any CPU
		{DB0B2EBF-B4E5-4AED-AE85-0097E63BF901}.Debug|Any CPU.ActiveCfg = Debug|Any CPU
		{DB0B2EBF-B4E5-4AED-AE85-0097E63BF901}.Debug|Any CPU.Build.0 = Debug|Any CPU
		{DB0B2EBF-B4E5-4AED-AE85-0097E63BF901}.Release|Any CPU.ActiveCfg = Release|Any CPU
		{DB0B2EBF-B4E5-4AED-AE85-0097E63BF901}.Release|Any CPU.Build.0 = Release|Any CPU
		{BA474691-4B63-4E51-8C9D-64B16FC256D8}.Debug|Any CPU.ActiveCfg = Debug|Any CPU
		{BA474691-4B63-4E51-8C9D-64B16FC256D8}.Debug|Any CPU.Build.0 = Debug|Any CPU
		{BA474691-4B63-4E51-8C9D-64B16FC256D8}.Release|Any CPU.ActiveCfg = Release|Any CPU
		{BA474691-4B63-4E51-8C9D-64B16FC256D8}.Release|Any CPU.Build.0 = Release|Any CPU
		{57D5A889-0481-4DDE-B7EC-058ABC2A7995}.Debug|Any CPU.ActiveCfg = Debug|Any CPU
		{57D5A889-0481-4DDE-B7EC-058ABC2A7995}.Debug|Any CPU.Build.0 = Debug|Any CPU
		{57D5A889-0481-4DDE-B7EC-058ABC2A7995}.Release|Any CPU.ActiveCfg = Release|Any CPU
		{57D5A889-0481-4DDE-B7EC-058ABC2A7995}.Release|Any CPU.Build.0 = Release|Any CPU
		{B675C181-92B9-4414-AB45-F66917E4CAA5}.Debug|Any CPU.ActiveCfg = Debug|Any CPU
		{B675C181-92B9-4414-AB45-F66917E4CAA5}.Debug|Any CPU.Build.0 = Debug|Any CPU
		{B675C181-92B9-4414-AB45-F66917E4CAA5}.Release|Any CPU.ActiveCfg = Release|Any CPU
		{B675C181-92B9-4414-AB45-F66917E4CAA5}.Release|Any CPU.Build.0 = Release|Any CPU
		{5DE62529-9CAC-41A8-AF01-2445F25670D0}.Debug|Any CPU.ActiveCfg = Debug|Any CPU
		{5DE62529-9CAC-41A8-AF01-2445F25670D0}.Debug|Any CPU.Build.0 = Debug|Any CPU
		{5DE62529-9CAC-41A8-AF01-2445F25670D0}.Release|Any CPU.ActiveCfg = Release|Any CPU
		{5DE62529-9CAC-41A8-AF01-2445F25670D0}.Release|Any CPU.Build.0 = Release|Any CPU
		{D8F59B2E-BF6C-4ADB-A78B-DEA9963E2F73}.Debug|Any CPU.ActiveCfg = Debug|Any CPU
		{D8F59B2E-BF6C-4ADB-A78B-DEA9963E2F73}.Debug|Any CPU.Build.0 = Debug|Any CPU
		{D8F59B2E-BF6C-4ADB-A78B-DEA9963E2F73}.Release|Any CPU.ActiveCfg = Release|Any CPU
		{D8F59B2E-BF6C-4ADB-A78B-DEA9963E2F73}.Release|Any CPU.Build.0 = Release|Any CPU
		{D7857311-D4A9-4BCB-B0F9-04CC2FE665E3}.Debug|Any CPU.ActiveCfg = Debug|Any CPU
		{D7857311-D4A9-4BCB-B0F9-04CC2FE665E3}.Debug|Any CPU.Build.0 = Debug|Any CPU
		{D7857311-D4A9-4BCB-B0F9-04CC2FE665E3}.Release|Any CPU.ActiveCfg = Release|Any CPU
		{D7857311-D4A9-4BCB-B0F9-04CC2FE665E3}.Release|Any CPU.Build.0 = Release|Any CPU
		{17A0AED1-2A6B-479D-9E91-4DDEC6B1D573}.Debug|Any CPU.ActiveCfg = Debug|Any CPU
		{17A0AED1-2A6B-479D-9E91-4DDEC6B1D573}.Debug|Any CPU.Build.0 = Debug|Any CPU
		{17A0AED1-2A6B-479D-9E91-4DDEC6B1D573}.Release|Any CPU.ActiveCfg = Release|Any CPU
		{17A0AED1-2A6B-479D-9E91-4DDEC6B1D573}.Release|Any CPU.Build.0 = Release|Any CPU
		{EA39A164-C8B9-422B-AA21-0442E27412F6}.Debug|Any CPU.ActiveCfg = Debug|Any CPU
		{EA39A164-C8B9-422B-AA21-0442E27412F6}.Debug|Any CPU.Build.0 = Debug|Any CPU
		{EA39A164-C8B9-422B-AA21-0442E27412F6}.Release|Any CPU.ActiveCfg = Release|Any CPU
		{EA39A164-C8B9-422B-AA21-0442E27412F6}.Release|Any CPU.Build.0 = Release|Any CPU
		{89ED716A-45A5-42B3-A212-415FA7A18361}.Debug|Any CPU.ActiveCfg = Debug|Any CPU
		{89ED716A-45A5-42B3-A212-415FA7A18361}.Debug|Any CPU.Build.0 = Debug|Any CPU
		{89ED716A-45A5-42B3-A212-415FA7A18361}.Release|Any CPU.ActiveCfg = Release|Any CPU
		{89ED716A-45A5-42B3-A212-415FA7A18361}.Release|Any CPU.Build.0 = Release|Any CPU
		{C102B4EF-1DDF-4EAF-9B1B-D8E51C65D246}.Debug|Any CPU.ActiveCfg = Debug|Any CPU
		{C102B4EF-1DDF-4EAF-9B1B-D8E51C65D246}.Debug|Any CPU.Build.0 = Debug|Any CPU
		{C102B4EF-1DDF-4EAF-9B1B-D8E51C65D246}.Release|Any CPU.ActiveCfg = Release|Any CPU
		{C102B4EF-1DDF-4EAF-9B1B-D8E51C65D246}.Release|Any CPU.Build.0 = Release|Any CPU
		{D7DB4BB3-7187-434E-8AE3-C796E82FBD50}.Debug|Any CPU.ActiveCfg = Debug|Any CPU
		{D7DB4BB3-7187-434E-8AE3-C796E82FBD50}.Debug|Any CPU.Build.0 = Debug|Any CPU
		{D7DB4BB3-7187-434E-8AE3-C796E82FBD50}.Release|Any CPU.ActiveCfg = Release|Any CPU
		{D7DB4BB3-7187-434E-8AE3-C796E82FBD50}.Release|Any CPU.Build.0 = Release|Any CPU
		{58D0A17E-1F82-4FE8-9D5D-AAF8810E4C99}.Debug|Any CPU.ActiveCfg = Debug|Any CPU
		{58D0A17E-1F82-4FE8-9D5D-AAF8810E4C99}.Debug|Any CPU.Build.0 = Debug|Any CPU
		{58D0A17E-1F82-4FE8-9D5D-AAF8810E4C99}.Release|Any CPU.ActiveCfg = Release|Any CPU
		{58D0A17E-1F82-4FE8-9D5D-AAF8810E4C99}.Release|Any CPU.Build.0 = Release|Any CPU
		{1F2C2A3A-AB03-4CB9-9E89-8BDF84D0B96B}.Debug|Any CPU.ActiveCfg = Debug|Any CPU
		{1F2C2A3A-AB03-4CB9-9E89-8BDF84D0B96B}.Debug|Any CPU.Build.0 = Debug|Any CPU
		{1F2C2A3A-AB03-4CB9-9E89-8BDF84D0B96B}.Release|Any CPU.ActiveCfg = Release|Any CPU
		{1F2C2A3A-AB03-4CB9-9E89-8BDF84D0B96B}.Release|Any CPU.Build.0 = Release|Any CPU
		{0A73CE2E-D207-4378-8B29-18EC7BC612DF}.Debug|Any CPU.ActiveCfg = Debug|Any CPU
		{0A73CE2E-D207-4378-8B29-18EC7BC612DF}.Debug|Any CPU.Build.0 = Debug|Any CPU
		{0A73CE2E-D207-4378-8B29-18EC7BC612DF}.Release|Any CPU.ActiveCfg = Release|Any CPU
		{0A73CE2E-D207-4378-8B29-18EC7BC612DF}.Release|Any CPU.Build.0 = Release|Any CPU
	EndGlobalSection
	GlobalSection(SolutionProperties) = preSolution
		HideSolutionNode = FALSE
	EndGlobalSection
	GlobalSection(NestedProjects) = preSolution
		{64E97567-479F-46ED-B096-737E11A38AF0} = {97F971DA-3D3F-42A4-A08A-2B7B4A62DB70}
		{DB0B2EBF-B4E5-4AED-AE85-0097E63BF901} = {1C4155F6-FE9F-49BD-81EF-93466668B771}
		{BA474691-4B63-4E51-8C9D-64B16FC256D8} = {279CF7DA-A2AC-4DAB-A3C3-71DA9256B58F}
		{57D5A889-0481-4DDE-B7EC-058ABC2A7995} = {279CF7DA-A2AC-4DAB-A3C3-71DA9256B58F}
		{B675C181-92B9-4414-AB45-F66917E4CAA5} = {7CC28C21-42A6-4580-9AF4-72904089D1A6}
		{5DE62529-9CAC-41A8-AF01-2445F25670D0} = {7CC28C21-42A6-4580-9AF4-72904089D1A6}
		{D8F59B2E-BF6C-4ADB-A78B-DEA9963E2F73} = {7CC28C21-42A6-4580-9AF4-72904089D1A6}
		{D7857311-D4A9-4BCB-B0F9-04CC2FE665E3} = {4240281D-7A88-40E0-84C3-006D3F561F4C}
		{17A0AED1-2A6B-479D-9E91-4DDEC6B1D573} = {4240281D-7A88-40E0-84C3-006D3F561F4C}
		{EA39A164-C8B9-422B-AA21-0442E27412F6} = {4240281D-7A88-40E0-84C3-006D3F561F4C}
		{89ED716A-45A5-42B3-A212-415FA7A18361} = {6A6C2FC0-BEA0-47DB-8756-3F2AFAFF8B8B}
		{C102B4EF-1DDF-4EAF-9B1B-D8E51C65D246} = {6A6C2FC0-BEA0-47DB-8756-3F2AFAFF8B8B}
		{D7DB4BB3-7187-434E-8AE3-C796E82FBD50} = {8C2C220E-A078-454D-823A-A784D7E2171E}
		{58D0A17E-1F82-4FE8-9D5D-AAF8810E4C99} = {6A6C2FC0-BEA0-47DB-8756-3F2AFAFF8B8B}
		{1F2C2A3A-AB03-4CB9-9E89-8BDF84D0B96B} = {8C2C220E-A078-454D-823A-A784D7E2171E}
		{0A73CE2E-D207-4378-8B29-18EC7BC612DF} = {97F971DA-3D3F-42A4-A08A-2B7B4A62DB70}
	EndGlobalSection
	GlobalSection(ExtensibilityGlobals) = postSolution
		SolutionGuid = {49D25C9D-8395-433F-93AC-91F3DAB24F1A}
	EndGlobalSection
EndGlobal
